
Microsoft Visual Studio Solution File, Format Version 12.00
# Visual Studio Version 17
VisualStudioVersion = 17.7.34031.279
MinimumVisualStudioVersion = 10.0.40219.1
Project("{9A19103F-16F7-4668-BE54-9A1E7A4F7556}") = "Bai1_1", "Bai1_1\Bai1_1.csproj", "{FBE112D4-B7CC-453B-89FA-1CBE821BC95A}"
EndProject
Project("{9A19103F-16F7-4668-BE54-9A1E7A4F7556}") = "Bai1_2", "Bai1_2\Bai1_2\Bai1_2.csproj", "{FF596FC5-79DB-4509-B4B4-982BDB2121E3}"
EndProject
Project("{9A19103F-16F7-4668-BE54-9A1E7A4F7556}") = "Lab2_1", "Lab2_1\Lab2_1.csproj", "{7B865F91-47DA-47F2-B013-E82151951B8D}"
EndProject
Project("{9A19103F-16F7-4668-BE54-9A1E7A4F7556}") = "Lab2_2", "Lab2_2\Lab2_2.csproj", "{E21B049C-F6FA-4E5C-84BE-DB0789C296E0}"
EndProject
Project("{9A19103F-16F7-4668-BE54-9A1E7A4F7556}") = "Lab2_3", "Lab2_3\Lab2_3.csproj", "{34EA6F70-E599-4616-860F-861B45269531}"
EndProject
Project("{9A19103F-16F7-4668-BE54-9A1E7A4F7556}") = "Lab2_4", "Lab2_4\Lab2_4.csproj", "{46BF48E5-F365-43C5-95BD-75DF10D9EAB8}"
EndProject
Project("{9A19103F-16F7-4668-BE54-9A1E7A4F7556}") = "Lab2_5", "Lab2_5\Lab2_5.csproj", "{6D4191C6-33CB-4E89-A30B-4008D5787719}"
EndProject
Project("{9A19103F-16F7-4668-BE54-9A1E7A4F7556}") = "Lab2_6", "Lab2_6\Lab2_6.csproj", "{22830B36-8429-438C-AF49-B421B73F2591}"
EndProject
Project("{9A19103F-16F7-4668-BE54-9A1E7A4F7556}") = "Bai2_1", "Bai2_1\Bai2_1.csproj", "{841547A8-C4FC-44EE-9AB4-76BDCB14A341}"
EndProject
Project("{9A19103F-16F7-4668-BE54-9A1E7A4F7556}") = "Bai2_2", "Bai2_2\Bai2_2.csproj", "{CD8F6C7C-45BF-477D-A535-7F2BC0BF72BE}"
EndProject
Project("{9A19103F-16F7-4668-BE54-9A1E7A4F7556}") = "Bai2_3", "Bai2_3\Bai2_3.csproj", "{B8431149-8466-491F-BD35-25E7766DF344}"
EndProject
Project("{9A19103F-16F7-4668-BE54-9A1E7A4F7556}") = "Bai2_4", "Bai2_4\Bai2_4.csproj", "{09B76870-FD9B-4355-AD2C-04E4DABB9525}"
EndProject
Project("{9A19103F-16F7-4668-BE54-9A1E7A4F7556}") = "Bai2_5", "Bai2_5\Bai2_5.csproj", "{24BB8CBC-8F65-4CFA-AE36-A33B69E68257}"
EndProject
Project("{9A19103F-16F7-4668-BE54-9A1E7A4F7556}") = "Bai2_6", "Bai2_6\Bai2_6.csproj", "{6F85E58D-557C-4E6B-9DB9-7A0EBA48DCAC}"
EndProject
Project("{9A19103F-16F7-4668-BE54-9A1E7A4F7556}") = "Bai2_7", "Bai2_7\Bai2_7.csproj", "{D4F4F51C-69A9-4691-98DE-D248814DB6E7}"
EndProject
Project("{9A19103F-16F7-4668-BE54-9A1E7A4F7556}") = "Lab3_1", "Lab3_0\Lab3_1.csproj", "{27CC59FF-3683-4D50-A50B-766E44BA949E}"
EndProject
Project("{9A19103F-16F7-4668-BE54-9A1E7A4F7556}") = "Lab3_2", "Lab3_1\Lab3_2.csproj", "{965CE2C3-C1AC-447F-9D64-4A7874066486}"
EndProject
Project("{9A19103F-16F7-4668-BE54-9A1E7A4F7556}") = "Lab3_3", "Lab3_2\Lab3_3.csproj", "{881F1956-7203-4224-9B24-B5FCD45CB88B}"
EndProject
Project("{9A19103F-16F7-4668-BE54-9A1E7A4F7556}") = "Lab3_4", "Lab3_4\Lab3_4.csproj", "{242B46D7-1A64-4E1B-A33E-796896432583}"
EndProject
Project("{9A19103F-16F7-4668-BE54-9A1E7A4F7556}") = "Lab3_5", "Lab3_5\Lab3_5.csproj", "{FE6E18D2-13A8-4D35-B3C7-2E3BF92366BB}"
EndProject
Project("{9A19103F-16F7-4668-BE54-9A1E7A4F7556}") = "Lab3_6", "Lab3_6\Lab3_6.csproj", "{EEAEF03E-4623-4293-A9C2-7A947E066678}"
EndProject
Project("{9A19103F-16F7-4668-BE54-9A1E7A4F7556}") = "Bai3_1", "Bai3.1\Bai3_1.csproj", "{A7335AA8-55A5-431B-943E-4C3C26C342BE}"
EndProject
Project("{9A19103F-16F7-4668-BE54-9A1E7A4F7556}") = "Bai3_2", "Bai3_2\Bai3_2.csproj", "{976DFAEA-B8A2-4FF3-B7C7-AA718CFF42D5}"
EndProject
Project("{9A19103F-16F7-4668-BE54-9A1E7A4F7556}") = "Bai3_3", "Bai3_3\Bai3_3.csproj", "{A762EBFE-C09E-4599-860B-0D5FF52C39BA}"
EndProject
Project("{9A19103F-16F7-4668-BE54-9A1E7A4F7556}") = "Bai3_4", "Bai3_4\Bai3_4.csproj", "{B2EF4A94-D4C6-442B-A2A6-848DB113B12E}"
EndProject
Project("{9A19103F-16F7-4668-BE54-9A1E7A4F7556}") = "Bai3_5", "Bai3_5\Bai3_5.csproj", "{C92AE698-6121-462A-A5B4-9BA93C33AB57}"
EndProject
Project("{9A19103F-16F7-4668-BE54-9A1E7A4F7556}") = "Bai5_1", "Bai5_1\Bai5_1.csproj", "{940D7EDF-25A1-43FF-AC31-34DAF1BAC017}"
EndProject
Project("{9A19103F-16F7-4668-BE54-9A1E7A4F7556}") = "Bai4_1", "Bai4_1\Bai4_1.csproj", "{1317225D-23AC-48F8-984B-C21AE478017A}"
EndProject
Project("{9A19103F-16F7-4668-BE54-9A1E7A4F7556}") = "Bai4_2", "Bai4_2\Bai4_2.csproj", "{AA8D340F-B664-460B-9585-B421A08C6B60}"
EndProject
Project("{9A19103F-16F7-4668-BE54-9A1E7A4F7556}") = "Bai4_3", "Bai4_3\Bai4_3.csproj", "{0D7BD57F-CB13-4AF1-9986-FA77AF81EA20}"
EndProject
Project("{9A19103F-16F7-4668-BE54-9A1E7A4F7556}") = "Bai4_4", "Bai4_4\Bai4_4.csproj", "{6B851154-73E7-4528-8F8A-FB71068422F0}"
EndProject
Project("{FAE04EC0-301F-11D3-BF4B-00C04F79EFBC}") = "Mid_1", "Mid_1\Mid_1.csproj", "{64CF2D3F-1989-4311-9151-88E6E7D77D98}"
EndProject
Global
	GlobalSection(SolutionConfigurationPlatforms) = preSolution
		Debug|Any CPU = Debug|Any CPU
		Release|Any CPU = Release|Any CPU
	EndGlobalSection
	GlobalSection(ProjectConfigurationPlatforms) = postSolution
		{FBE112D4-B7CC-453B-89FA-1CBE821BC95A}.Debug|Any CPU.ActiveCfg = Debug|Any CPU
		{FBE112D4-B7CC-453B-89FA-1CBE821BC95A}.Debug|Any CPU.Build.0 = Debug|Any CPU
		{FBE112D4-B7CC-453B-89FA-1CBE821BC95A}.Release|Any CPU.ActiveCfg = Release|Any CPU
		{FBE112D4-B7CC-453B-89FA-1CBE821BC95A}.Release|Any CPU.Build.0 = Release|Any CPU
		{FF596FC5-79DB-4509-B4B4-982BDB2121E3}.Debug|Any CPU.ActiveCfg = Debug|Any CPU
		{FF596FC5-79DB-4509-B4B4-982BDB2121E3}.Debug|Any CPU.Build.0 = Debug|Any CPU
		{FF596FC5-79DB-4509-B4B4-982BDB2121E3}.Release|Any CPU.ActiveCfg = Release|Any CPU
		{FF596FC5-79DB-4509-B4B4-982BDB2121E3}.Release|Any CPU.Build.0 = Release|Any CPU
		{7B865F91-47DA-47F2-B013-E82151951B8D}.Debug|Any CPU.ActiveCfg = Debug|Any CPU
		{7B865F91-47DA-47F2-B013-E82151951B8D}.Debug|Any CPU.Build.0 = Debug|Any CPU
		{7B865F91-47DA-47F2-B013-E82151951B8D}.Release|Any CPU.ActiveCfg = Release|Any CPU
		{7B865F91-47DA-47F2-B013-E82151951B8D}.Release|Any CPU.Build.0 = Release|Any CPU
		{E21B049C-F6FA-4E5C-84BE-DB0789C296E0}.Debug|Any CPU.ActiveCfg = Debug|Any CPU
		{E21B049C-F6FA-4E5C-84BE-DB0789C296E0}.Debug|Any CPU.Build.0 = Debug|Any CPU
		{E21B049C-F6FA-4E5C-84BE-DB0789C296E0}.Release|Any CPU.ActiveCfg = Release|Any CPU
		{E21B049C-F6FA-4E5C-84BE-DB0789C296E0}.Release|Any CPU.Build.0 = Release|Any CPU
		{34EA6F70-E599-4616-860F-861B45269531}.Debug|Any CPU.ActiveCfg = Debug|Any CPU
		{34EA6F70-E599-4616-860F-861B45269531}.Debug|Any CPU.Build.0 = Debug|Any CPU
		{34EA6F70-E599-4616-860F-861B45269531}.Release|Any CPU.ActiveCfg = Release|Any CPU
		{34EA6F70-E599-4616-860F-861B45269531}.Release|Any CPU.Build.0 = Release|Any CPU
		{46BF48E5-F365-43C5-95BD-75DF10D9EAB8}.Debug|Any CPU.ActiveCfg = Debug|Any CPU
		{46BF48E5-F365-43C5-95BD-75DF10D9EAB8}.Debug|Any CPU.Build.0 = Debug|Any CPU
		{46BF48E5-F365-43C5-95BD-75DF10D9EAB8}.Release|Any CPU.ActiveCfg = Release|Any CPU
		{46BF48E5-F365-43C5-95BD-75DF10D9EAB8}.Release|Any CPU.Build.0 = Release|Any CPU
		{6D4191C6-33CB-4E89-A30B-4008D5787719}.Debug|Any CPU.ActiveCfg = Debug|Any CPU
		{6D4191C6-33CB-4E89-A30B-4008D5787719}.Debug|Any CPU.Build.0 = Debug|Any CPU
		{6D4191C6-33CB-4E89-A30B-4008D5787719}.Release|Any CPU.ActiveCfg = Release|Any CPU
		{6D4191C6-33CB-4E89-A30B-4008D5787719}.Release|Any CPU.Build.0 = Release|Any CPU
		{22830B36-8429-438C-AF49-B421B73F2591}.Debug|Any CPU.ActiveCfg = Debug|Any CPU
		{22830B36-8429-438C-AF49-B421B73F2591}.Debug|Any CPU.Build.0 = Debug|Any CPU
		{22830B36-8429-438C-AF49-B421B73F2591}.Release|Any CPU.ActiveCfg = Release|Any CPU
		{22830B36-8429-438C-AF49-B421B73F2591}.Release|Any CPU.Build.0 = Release|Any CPU
		{841547A8-C4FC-44EE-9AB4-76BDCB14A341}.Debug|Any CPU.ActiveCfg = Debug|Any CPU
		{841547A8-C4FC-44EE-9AB4-76BDCB14A341}.Debug|Any CPU.Build.0 = Debug|Any CPU
		{841547A8-C4FC-44EE-9AB4-76BDCB14A341}.Release|Any CPU.ActiveCfg = Release|Any CPU
		{841547A8-C4FC-44EE-9AB4-76BDCB14A341}.Release|Any CPU.Build.0 = Release|Any CPU
		{CD8F6C7C-45BF-477D-A535-7F2BC0BF72BE}.Debug|Any CPU.ActiveCfg = Debug|Any CPU
		{CD8F6C7C-45BF-477D-A535-7F2BC0BF72BE}.Debug|Any CPU.Build.0 = Debug|Any CPU
		{CD8F6C7C-45BF-477D-A535-7F2BC0BF72BE}.Release|Any CPU.ActiveCfg = Release|Any CPU
		{CD8F6C7C-45BF-477D-A535-7F2BC0BF72BE}.Release|Any CPU.Build.0 = Release|Any CPU
		{B8431149-8466-491F-BD35-25E7766DF344}.Debug|Any CPU.ActiveCfg = Debug|Any CPU
		{B8431149-8466-491F-BD35-25E7766DF344}.Debug|Any CPU.Build.0 = Debug|Any CPU
		{B8431149-8466-491F-BD35-25E7766DF344}.Release|Any CPU.ActiveCfg = Release|Any CPU
		{B8431149-8466-491F-BD35-25E7766DF344}.Release|Any CPU.Build.0 = Release|Any CPU
		{09B76870-FD9B-4355-AD2C-04E4DABB9525}.Debug|Any CPU.ActiveCfg = Debug|Any CPU
		{09B76870-FD9B-4355-AD2C-04E4DABB9525}.Debug|Any CPU.Build.0 = Debug|Any CPU
		{09B76870-FD9B-4355-AD2C-04E4DABB9525}.Release|Any CPU.ActiveCfg = Release|Any CPU
		{09B76870-FD9B-4355-AD2C-04E4DABB9525}.Release|Any CPU.Build.0 = Release|Any CPU
		{24BB8CBC-8F65-4CFA-AE36-A33B69E68257}.Debug|Any CPU.ActiveCfg = Debug|Any CPU
		{24BB8CBC-8F65-4CFA-AE36-A33B69E68257}.Debug|Any CPU.Build.0 = Debug|Any CPU
		{24BB8CBC-8F65-4CFA-AE36-A33B69E68257}.Release|Any CPU.ActiveCfg = Release|Any CPU
		{24BB8CBC-8F65-4CFA-AE36-A33B69E68257}.Release|Any CPU.Build.0 = Release|Any CPU
		{6F85E58D-557C-4E6B-9DB9-7A0EBA48DCAC}.Debug|Any CPU.ActiveCfg = Debug|Any CPU
		{6F85E58D-557C-4E6B-9DB9-7A0EBA48DCAC}.Debug|Any CPU.Build.0 = Debug|Any CPU
		{6F85E58D-557C-4E6B-9DB9-7A0EBA48DCAC}.Release|Any CPU.ActiveCfg = Release|Any CPU
		{6F85E58D-557C-4E6B-9DB9-7A0EBA48DCAC}.Release|Any CPU.Build.0 = Release|Any CPU
		{D4F4F51C-69A9-4691-98DE-D248814DB6E7}.Debug|Any CPU.ActiveCfg = Debug|Any CPU
		{D4F4F51C-69A9-4691-98DE-D248814DB6E7}.Debug|Any CPU.Build.0 = Debug|Any CPU
		{D4F4F51C-69A9-4691-98DE-D248814DB6E7}.Release|Any CPU.ActiveCfg = Release|Any CPU
		{D4F4F51C-69A9-4691-98DE-D248814DB6E7}.Release|Any CPU.Build.0 = Release|Any CPU
		{27CC59FF-3683-4D50-A50B-766E44BA949E}.Debug|Any CPU.ActiveCfg = Debug|Any CPU
		{27CC59FF-3683-4D50-A50B-766E44BA949E}.Debug|Any CPU.Build.0 = Debug|Any CPU
		{27CC59FF-3683-4D50-A50B-766E44BA949E}.Release|Any CPU.ActiveCfg = Release|Any CPU
		{27CC59FF-3683-4D50-A50B-766E44BA949E}.Release|Any CPU.Build.0 = Release|Any CPU
		{965CE2C3-C1AC-447F-9D64-4A7874066486}.Debug|Any CPU.ActiveCfg = Debug|Any CPU
		{965CE2C3-C1AC-447F-9D64-4A7874066486}.Debug|Any CPU.Build.0 = Debug|Any CPU
		{965CE2C3-C1AC-447F-9D64-4A7874066486}.Release|Any CPU.ActiveCfg = Release|Any CPU
		{965CE2C3-C1AC-447F-9D64-4A7874066486}.Release|Any CPU.Build.0 = Release|Any CPU
		{881F1956-7203-4224-9B24-B5FCD45CB88B}.Debug|Any CPU.ActiveCfg = Debug|Any CPU
		{881F1956-7203-4224-9B24-B5FCD45CB88B}.Debug|Any CPU.Build.0 = Debug|Any CPU
		{881F1956-7203-4224-9B24-B5FCD45CB88B}.Release|Any CPU.ActiveCfg = Release|Any CPU
		{881F1956-7203-4224-9B24-B5FCD45CB88B}.Release|Any CPU.Build.0 = Release|Any CPU
		{242B46D7-1A64-4E1B-A33E-796896432583}.Debug|Any CPU.ActiveCfg = Debug|Any CPU
		{242B46D7-1A64-4E1B-A33E-796896432583}.Debug|Any CPU.Build.0 = Debug|Any CPU
		{242B46D7-1A64-4E1B-A33E-796896432583}.Release|Any CPU.ActiveCfg = Release|Any CPU
		{242B46D7-1A64-4E1B-A33E-796896432583}.Release|Any CPU.Build.0 = Release|Any CPU
		{FE6E18D2-13A8-4D35-B3C7-2E3BF92366BB}.Debug|Any CPU.ActiveCfg = Debug|Any CPU
		{FE6E18D2-13A8-4D35-B3C7-2E3BF92366BB}.Debug|Any CPU.Build.0 = Debug|Any CPU
		{FE6E18D2-13A8-4D35-B3C7-2E3BF92366BB}.Release|Any CPU.ActiveCfg = Release|Any CPU
		{FE6E18D2-13A8-4D35-B3C7-2E3BF92366BB}.Release|Any CPU.Build.0 = Release|Any CPU
		{EEAEF03E-4623-4293-A9C2-7A947E066678}.Debug|Any CPU.ActiveCfg = Debug|Any CPU
		{EEAEF03E-4623-4293-A9C2-7A947E066678}.Debug|Any CPU.Build.0 = Debug|Any CPU
		{EEAEF03E-4623-4293-A9C2-7A947E066678}.Release|Any CPU.ActiveCfg = Release|Any CPU
		{EEAEF03E-4623-4293-A9C2-7A947E066678}.Release|Any CPU.Build.0 = Release|Any CPU
		{A7335AA8-55A5-431B-943E-4C3C26C342BE}.Debug|Any CPU.ActiveCfg = Debug|Any CPU
		{A7335AA8-55A5-431B-943E-4C3C26C342BE}.Debug|Any CPU.Build.0 = Debug|Any CPU
		{A7335AA8-55A5-431B-943E-4C3C26C342BE}.Release|Any CPU.ActiveCfg = Release|Any CPU
		{A7335AA8-55A5-431B-943E-4C3C26C342BE}.Release|Any CPU.Build.0 = Release|Any CPU
		{976DFAEA-B8A2-4FF3-B7C7-AA718CFF42D5}.Debug|Any CPU.ActiveCfg = Debug|Any CPU
		{976DFAEA-B8A2-4FF3-B7C7-AA718CFF42D5}.Debug|Any CPU.Build.0 = Debug|Any CPU
		{976DFAEA-B8A2-4FF3-B7C7-AA718CFF42D5}.Release|Any CPU.ActiveCfg = Release|Any CPU
		{976DFAEA-B8A2-4FF3-B7C7-AA718CFF42D5}.Release|Any CPU.Build.0 = Release|Any CPU
		{A762EBFE-C09E-4599-860B-0D5FF52C39BA}.Debug|Any CPU.ActiveCfg = Debug|Any CPU
		{A762EBFE-C09E-4599-860B-0D5FF52C39BA}.Debug|Any CPU.Build.0 = Debug|Any CPU
		{A762EBFE-C09E-4599-860B-0D5FF52C39BA}.Release|Any CPU.ActiveCfg = Release|Any CPU
		{A762EBFE-C09E-4599-860B-0D5FF52C39BA}.Release|Any CPU.Build.0 = Release|Any CPU
		{B2EF4A94-D4C6-442B-A2A6-848DB113B12E}.Debug|Any CPU.ActiveCfg = Debug|Any CPU
		{B2EF4A94-D4C6-442B-A2A6-848DB113B12E}.Debug|Any CPU.Build.0 = Debug|Any CPU
		{B2EF4A94-D4C6-442B-A2A6-848DB113B12E}.Release|Any CPU.ActiveCfg = Release|Any CPU
		{B2EF4A94-D4C6-442B-A2A6-848DB113B12E}.Release|Any CPU.Build.0 = Release|Any CPU
		{C92AE698-6121-462A-A5B4-9BA93C33AB57}.Debug|Any CPU.ActiveCfg = Debug|Any CPU
		{C92AE698-6121-462A-A5B4-9BA93C33AB57}.Debug|Any CPU.Build.0 = Debug|Any CPU
		{C92AE698-6121-462A-A5B4-9BA93C33AB57}.Release|Any CPU.ActiveCfg = Release|Any CPU
		{C92AE698-6121-462A-A5B4-9BA93C33AB57}.Release|Any CPU.Build.0 = Release|Any CPU
		{940D7EDF-25A1-43FF-AC31-34DAF1BAC017}.Debug|Any CPU.ActiveCfg = Debug|Any CPU
		{940D7EDF-25A1-43FF-AC31-34DAF1BAC017}.Debug|Any CPU.Build.0 = Debug|Any CPU
		{940D7EDF-25A1-43FF-AC31-34DAF1BAC017}.Release|Any CPU.ActiveCfg = Release|Any CPU
		{940D7EDF-25A1-43FF-AC31-34DAF1BAC017}.Release|Any CPU.Build.0 = Release|Any CPU
		{1317225D-23AC-48F8-984B-C21AE478017A}.Debug|Any CPU.ActiveCfg = Debug|Any CPU
		{1317225D-23AC-48F8-984B-C21AE478017A}.Debug|Any CPU.Build.0 = Debug|Any CPU
		{1317225D-23AC-48F8-984B-C21AE478017A}.Release|Any CPU.ActiveCfg = Release|Any CPU
		{1317225D-23AC-48F8-984B-C21AE478017A}.Release|Any CPU.Build.0 = Release|Any CPU
		{AA8D340F-B664-460B-9585-B421A08C6B60}.Debug|Any CPU.ActiveCfg = Debug|Any CPU
		{AA8D340F-B664-460B-9585-B421A08C6B60}.Debug|Any CPU.Build.0 = Debug|Any CPU
		{AA8D340F-B664-460B-9585-B421A08C6B60}.Release|Any CPU.ActiveCfg = Release|Any CPU
		{AA8D340F-B664-460B-9585-B421A08C6B60}.Release|Any CPU.Build.0 = Release|Any CPU
		{0D7BD57F-CB13-4AF1-9986-FA77AF81EA20}.Debug|Any CPU.ActiveCfg = Debug|Any CPU
		{0D7BD57F-CB13-4AF1-9986-FA77AF81EA20}.Debug|Any CPU.Build.0 = Debug|Any CPU
		{0D7BD57F-CB13-4AF1-9986-FA77AF81EA20}.Release|Any CPU.ActiveCfg = Release|Any CPU
		{0D7BD57F-CB13-4AF1-9986-FA77AF81EA20}.Release|Any CPU.Build.0 = Release|Any CPU
		{6B851154-73E7-4528-8F8A-FB71068422F0}.Debug|Any CPU.ActiveCfg = Debug|Any CPU
		{6B851154-73E7-4528-8F8A-FB71068422F0}.Debug|Any CPU.Build.0 = Debug|Any CPU
		{6B851154-73E7-4528-8F8A-FB71068422F0}.Release|Any CPU.ActiveCfg = Release|Any CPU
		{6B851154-73E7-4528-8F8A-FB71068422F0}.Release|Any CPU.Build.0 = Release|Any CPU
		{64CF2D3F-1989-4311-9151-88E6E7D77D98}.Debug|Any CPU.ActiveCfg = Debug|Any CPU
		{64CF2D3F-1989-4311-9151-88E6E7D77D98}.Debug|Any CPU.Build.0 = Debug|Any CPU
		{64CF2D3F-1989-4311-9151-88E6E7D77D98}.Release|Any CPU.ActiveCfg = Release|Any CPU
		{64CF2D3F-1989-4311-9151-88E6E7D77D98}.Release|Any CPU.Build.0 = Release|Any CPU
	EndGlobalSection
	GlobalSection(SolutionProperties) = preSolution
		HideSolutionNode = FALSE
	EndGlobalSection
	GlobalSection(ExtensibilityGlobals) = postSolution
		SolutionGuid = {59EA5790-DBF7-44D7-AF43-B02BAD18B839}
	EndGlobalSection
EndGlobal
