
Microsoft Visual Studio Solution File, Format Version 12.00
# Visual Studio Version 17
VisualStudioVersion = 17.7.34031.279
MinimumVisualStudioVersion = 10.0.40219.1
Project("{9A19103F-16F7-4668-BE54-9A1E7A4F7556}") = "Lab1_1", "Lab1_1\Lab1_1.csproj", "{FBE112D4-B7CC-453B-89FA-1CBE821BC95A}"
EndProject
Project("{9A19103F-16F7-4668-BE54-9A1E7A4F7556}") = "Lab1_2", "Lab1_2\Lab1_2\Lab1_2.csproj", "{FF596FC5-79DB-4509-B4B4-982BDB2121E3}"
EndProject
Project("{9A19103F-16F7-4668-BE54-9A1E7A4F7556}") = "Lab2_1", "Lab_2_1\Lab2_1.csproj", "{7B865F91-47DA-47F2-B013-E82151951B8D}"
EndProject
Project("{9A19103F-16F7-4668-BE54-9A1E7A4F7556}") = "Lab2_2", "Lab2_2\Lab2_2.csproj", "{E21B049C-F6FA-4E5C-84BE-DB0789C296E0}"
EndProject
Project("{FAE04EC0-301F-11D3-BF4B-00C04F79EFBC}") = "Lab2_3", "Lab2_3\Lab2_3.csproj", "{34EA6F70-E599-4616-860F-861B45269531}"
EndProject
Project("{FAE04EC0-301F-11D3-BF4B-00C04F79EFBC}") = "Lab2_4", "Lab2_4\Lab2_4.csproj", "{46BF48E5-F365-43C5-95BD-75DF10D9EAB8}"
EndProject
Project("{FAE04EC0-301F-11D3-BF4B-00C04F79EFBC}") = "Lab2_5", "Lab2_5\Lab2_5.csproj", "{6D4191C6-33CB-4E89-A30B-4008D5787719}"
EndProject
Project("{FAE04EC0-301F-11D3-BF4B-00C04F79EFBC}") = "Lab2_6", "Lab2_6\Lab2_6.csproj", "{22830B36-8429-438C-AF49-B421B73F2591}"
EndProject
Project("{FAE04EC0-301F-11D3-BF4B-00C04F79EFBC}") = "Lab2_7", "Lab2_7\Lab2_7.csproj", "{841547A8-C4FC-44EE-9AB4-76BDCB14A341}"
EndProject
Global
	GlobalSection(SolutionConfigurationPlatforms) = preSolution
		Debug|Any CPU = Debug|Any CPU
		Release|Any CPU = Release|Any CPU
	EndGlobalSection
	GlobalSection(ProjectConfigurationPlatforms) = postSolution
		{FBE112D4-B7CC-453B-89FA-1CBE821BC95A}.Debug|Any CPU.ActiveCfg = Debug|Any CPU
		{FBE112D4-B7CC-453B-89FA-1CBE821BC95A}.Debug|Any CPU.Build.0 = Debug|Any CPU
		{FBE112D4-B7CC-453B-89FA-1CBE821BC95A}.Release|Any CPU.ActiveCfg = Release|Any CPU
		{FBE112D4-B7CC-453B-89FA-1CBE821BC95A}.Release|Any CPU.Build.0 = Release|Any CPU
		{FF596FC5-79DB-4509-B4B4-982BDB2121E3}.Debug|Any CPU.ActiveCfg = Debug|Any CPU
		{FF596FC5-79DB-4509-B4B4-982BDB2121E3}.Debug|Any CPU.Build.0 = Debug|Any CPU
		{FF596FC5-79DB-4509-B4B4-982BDB2121E3}.Release|Any CPU.ActiveCfg = Release|Any CPU
		{FF596FC5-79DB-4509-B4B4-982BDB2121E3}.Release|Any CPU.Build.0 = Release|Any CPU
		{7B865F91-47DA-47F2-B013-E82151951B8D}.Debug|Any CPU.ActiveCfg = Debug|Any CPU
		{7B865F91-47DA-47F2-B013-E82151951B8D}.Debug|Any CPU.Build.0 = Debug|Any CPU
		{7B865F91-47DA-47F2-B013-E82151951B8D}.Release|Any CPU.ActiveCfg = Release|Any CPU
		{7B865F91-47DA-47F2-B013-E82151951B8D}.Release|Any CPU.Build.0 = Release|Any CPU
		{E21B049C-F6FA-4E5C-84BE-DB0789C296E0}.Debug|Any CPU.ActiveCfg = Debug|Any CPU
		{E21B049C-F6FA-4E5C-84BE-DB0789C296E0}.Debug|Any CPU.Build.0 = Debug|Any CPU
		{E21B049C-F6FA-4E5C-84BE-DB0789C296E0}.Release|Any CPU.ActiveCfg = Release|Any CPU
		{E21B049C-F6FA-4E5C-84BE-DB0789C296E0}.Release|Any CPU.Build.0 = Release|Any CPU
		{34EA6F70-E599-4616-860F-861B45269531}.Debug|Any CPU.ActiveCfg = Debug|Any CPU
		{34EA6F70-E599-4616-860F-861B45269531}.Debug|Any CPU.Build.0 = Debug|Any CPU
		{34EA6F70-E599-4616-860F-861B45269531}.Release|Any CPU.ActiveCfg = Release|Any CPU
		{34EA6F70-E599-4616-860F-861B45269531}.Release|Any CPU.Build.0 = Release|Any CPU
		{46BF48E5-F365-43C5-95BD-75DF10D9EAB8}.Debug|Any CPU.ActiveCfg = Debug|Any CPU
		{46BF48E5-F365-43C5-95BD-75DF10D9EAB8}.Debug|Any CPU.Build.0 = Debug|Any CPU
		{46BF48E5-F365-43C5-95BD-75DF10D9EAB8}.Release|Any CPU.ActiveCfg = Release|Any CPU
		{46BF48E5-F365-43C5-95BD-75DF10D9EAB8}.Release|Any CPU.Build.0 = Release|Any CPU
		{6D4191C6-33CB-4E89-A30B-4008D5787719}.Debug|Any CPU.ActiveCfg = Debug|Any CPU
		{6D4191C6-33CB-4E89-A30B-4008D5787719}.Debug|Any CPU.Build.0 = Debug|Any CPU
		{6D4191C6-33CB-4E89-A30B-4008D5787719}.Release|Any CPU.ActiveCfg = Release|Any CPU
		{6D4191C6-33CB-4E89-A30B-4008D5787719}.Release|Any CPU.Build.0 = Release|Any CPU
		{22830B36-8429-438C-AF49-B421B73F2591}.Debug|Any CPU.ActiveCfg = Debug|Any CPU
		{22830B36-8429-438C-AF49-B421B73F2591}.Debug|Any CPU.Build.0 = Debug|Any CPU
		{22830B36-8429-438C-AF49-B421B73F2591}.Release|Any CPU.ActiveCfg = Release|Any CPU
		{22830B36-8429-438C-AF49-B421B73F2591}.Release|Any CPU.Build.0 = Release|Any CPU
		{841547A8-C4FC-44EE-9AB4-76BDCB14A341}.Debug|Any CPU.ActiveCfg = Debug|Any CPU
		{841547A8-C4FC-44EE-9AB4-76BDCB14A341}.Debug|Any CPU.Build.0 = Debug|Any CPU
		{841547A8-C4FC-44EE-9AB4-76BDCB14A341}.Release|Any CPU.ActiveCfg = Release|Any CPU
		{841547A8-C4FC-44EE-9AB4-76BDCB14A341}.Release|Any CPU.Build.0 = Release|Any CPU
	EndGlobalSection
	GlobalSection(SolutionProperties) = preSolution
		HideSolutionNode = FALSE
	EndGlobalSection
	GlobalSection(ExtensibilityGlobals) = postSolution
		SolutionGuid = {59EA5790-DBF7-44D7-AF43-B02BAD18B839}
	EndGlobalSection
EndGlobal
